
Microsoft Visual Studio Solution File, Format Version 12.00
# Visual Studio 15
VisualStudioVersion = 15.0.28307.1022
MinimumVisualStudioVersion = 10.0.40219.1
Project("{8BC9CEB8-8B4A-11D0-8D11-00A0C91BC942}") = "PolarSimulate", "PolarSimulate.vcxproj", "{722454C0-1111-450D-AF3C-3DEC258280C2}"
EndProject
Global
	GlobalSection(SolutionConfigurationPlatforms) = preSolution
		Debug|x64 = Debug|x64
		Debug|x86 = Debug|x86
		Release|x64 = Release|x64
		Release|x86 = Release|x86
	EndGlobalSection
	GlobalSection(ProjectConfigurationPlatforms) = postSolution
		{722454C0-1111-450D-AF3C-3DEC258280C2}.Debug|x64.ActiveCfg = Debug|x64
		{722454C0-1111-450D-AF3C-3DEC258280C2}.Debug|x64.Build.0 = Debug|x64
		{722454C0-1111-450D-AF3C-3DEC258280C2}.Debug|x86.ActiveCfg = Debug|Win32
		{722454C0-1111-450D-AF3C-3DEC258280C2}.Debug|x86.Build.0 = Debug|Win32
		{722454C0-1111-450D-AF3C-3DEC258280C2}.Release|x64.ActiveCfg = Release|x64
		{722454C0-1111-450D-AF3C-3DEC258280C2}.Release|x64.Build.0 = Release|x64
		{722454C0-1111-450D-AF3C-3DEC258280C2}.Release|x86.ActiveCfg = Release|Win32
		{722454C0-1111-450D-AF3C-3DEC258280C2}.Release|x86.Build.0 = Release|Win32
	EndGlobalSection
	GlobalSection(SolutionProperties) = preSolution
		HideSolutionNode = FALSE
	EndGlobalSection
	GlobalSection(ExtensibilityGlobals) = postSolution
		SolutionGuid = {EADD28BB-3E63-4CBD-831A-26796F4B37A9}
	EndGlobalSection
EndGlobal
